PODS:
  - Flutter (1.0.0)
  - Mixpanel-swift (2.8.3):
    - Mixpanel-swift/Complete (= 2.8.3)
  - Mixpanel-swift/Complete (2.8.3)
  - mixpanel_flutter (1.0.1):
    - Flutter
    - Mixpanel-swift (= 2.8.3)

DEPENDENCIES:
  - Flutter (from `Flutter`)
  - mixpanel_flutter (from `.symlinks/plugins/mixpanel_flutter/ios`)

SPEC REPOS:
  trunk:
    - Mixpanel-swift

EXTERNAL SOURCES:
  Flutter:
    :path: Flutter
  mixpanel_flutter:
    :path: ".symlinks/plugins/mixpanel_flutter/ios"

SPEC CHECKSUMS:
  Flutter: 434fef37c0980e73bb6479ef766c45957d4b510c
  Mixpanel-swift: 947354668bf7dcaff5aaf9c64232fb5bea6ff0c7
  mixpanel_flutter: 59130decd93dbb51e1a8a258d0d9af432287768e

PODFILE CHECKSUM: aafe91acc616949ddb318b77800a7f51bffa2a4c

COCOAPODS: 1.10.1
