PODS:
  - Flutter (1.0.0)
  - Mixpanel-swift (5.1.3):
    - Mixpanel-swift/Complete (= 5.1.3)
  - Mixpanel-swift/Complete (5.1.3)
  - mixpanel_flutter (2.4.4):
    - Flutter
    - Mixpanel-swift (= 5.1.3)

DEPENDENCIES:
  - Flutter (from `Flutter`)
  - mixpanel_flutter (from `.symlinks/plugins/mixpanel_flutter/ios`)

SPEC REPOS:
  trunk:
    - Mixpanel-swift

EXTERNAL SOURCES:
  Flutter:
    :path: Flutter
  mixpanel_flutter:
    :path: ".symlinks/plugins/mixpanel_flutter/ios"

SPEC CHECKSUMS:
  Flutter: cabc95a1d2626b1b06e7179b784ebcf0c0cde467
  Mixpanel-swift: 630484a1b61cb90820aa34492798d542d9f1d0f1
  mixpanel_flutter: 7a82b89436ba91286647c1aac47883ee78a804f3

PODFILE CHECKSUM: a57f30d18f102dd3ce366b1d62a55ecbef2158e5

COCOAPODS: 1.16.2
