PODS:
  - Flutter (1.0.0)
  - json-enum (1.2.3)
  - jsonlogic (1.2.4):
    - json-enum (~> 1.2.3)
  - Mixpanel-swift (6.3.0):
    - jsonlogic (~> 1.2.0)
    - Mixpanel-swift/Complete (= 6.3.0)
    - MixpanelSwiftCommon (~> 1.0.0)
  - Mixpanel-swift/Complete (6.3.0):
    - jsonlogic (~> 1.2.0)
    - MixpanelSwiftCommon (~> 1.0.0)
  - mixpanel_flutter (2.6.2):
    - Flutter
    - Mixpanel-swift (= 6.3.0)
  - MixpanelSwiftCommon (1.0.0)

DEPENDENCIES:
  - Flutter (from `Flutter`)
  - mixpanel_flutter (from `.symlinks/plugins/mixpanel_flutter/ios`)

SPEC REPOS:
  trunk:
    - json-enum
    - jsonlogic
    - Mixpanel-swift
    - MixpanelSwiftCommon

EXTERNAL SOURCES:
  Flutter:
    :path: Flutter
  mixpanel_flutter:
    :path: ".symlinks/plugins/mixpanel_flutter/ios"

SPEC CHECKSUMS:
  Flutter: cabc95a1d2626b1b06e7179b784ebcf0c0cde467
  json-enum: 57ad746d2f0d7852796e9aa50267bd84a778222e
  jsonlogic: 006f892470384401b8ca5b5d8d4cdadb3a0d5c9b
  Mixpanel-swift: f8bbfb3ebd1c6debd8aab574e3e54433bd51c724
  mixpanel_flutter: ba62a45188f606feea09042442da8ad996e19213
  MixpanelSwiftCommon: 562decd3d15661111df484830fb958f389f2f4aa

PODFILE CHECKSUM: a57f30d18f102dd3ce366b1d62a55ecbef2158e5

COCOAPODS: 1.16.2
